// !$*UTF8*$!
{
	archiveVersion = 1;
	classes = {
	};
	objectVersion = 56;
	objects = {

/* Begin PBXBuildFile section */
		1AB252152BA0AEE000B6621A /* LandmarksApp.swift in Sources */ = {isa = PBXBuildFile; fileRef = 1AB252142BA0AEE000B6621A /* LandmarksApp.swift */; };
		1AB252172BA0AEE000B6621A /* ContentView.swift in Sources */ = {isa = PBXBuildFile; fileRef = 1AB252162BA0AEE000B6621A /* ContentView.swift */; };
		1AB252192BA0AEE200B6621A /* Assets.xcassets in Resources */ = {isa = PBXBuildFile; fileRef = 1AB252182BA0AEE200B6621A /* Assets.xcassets */; };
		1AB2521C2BA0AEE200B6621A /* Preview Assets.xcassets in Resources */ = {isa = PBXBuildFile; fileRef = 1AB2521B2BA0AEE200B6621A /* Preview Assets.xcassets */; };
		1AB252232BA0B33200B6621A /* CircleImage.swift in Sources */ = {isa = PBXBuildFile; fileRef = 1AB252222BA0B33200B6621A /* CircleImage.swift */; };
		1AB252252BA0B3E500B6621A /* MapView.swift in Sources */ = {isa = PBXBuildFile; fileRef = 1AB252242BA0B3E500B6621A /* MapView.swift */; };
		1AB252272BA0B7FE00B6621A /* landmarkData.json in Resources */ = {isa = PBXBuildFile; fileRef = 1AB252262BA0B7FE00B6621A /* landmarkData.json */; };
		1AB252292BA0B83C00B6621A /* Landmark.swift in Sources */ = {isa = PBXBuildFile; fileRef = 1AB252282BA0B83C00B6621A /* Landmark.swift */; };
		1AB2522B2BA0B9E300B6621A /* ModelData.swift in Sources */ = {isa = PBXBuildFile; fileRef = 1AB2522A2BA0B9E300B6621A /* ModelData.swift */; };
		1AB2522F2BA0BB1F00B6621A /* LandmarkRow.swift in Sources */ = {isa = PBXBuildFile; fileRef = 1AB2522E2BA0BB1F00B6621A /* LandmarkRow.swift */; };
		1AB252312BA0BCAC00B6621A /* LandmarkList.swift in Sources */ = {isa = PBXBuildFile; fileRef = 1AB252302BA0BCAC00B6621A /* LandmarkList.swift */; };
		1AB252332BA0BE4B00B6621A /* LandmarkDetail.swift in Sources */ = {isa = PBXBuildFile; fileRef = 1AB252322BA0BE4B00B6621A /* LandmarkDetail.swift */; };
		1AB252352BA0C9F800B6621A /* FavoriteButton.swift in Sources */ = {isa = PBXBuildFile; fileRef = 1AB252342BA0C9F800B6621A /* FavoriteButton.swift */; };
		1AB252392BA0CD1B00B6621A /* HexagonParameters.swift in Sources */ = {isa = PBXBuildFile; fileRef = 1AB252382BA0CD1B00B6621A /* HexagonParameters.swift */; };
		1AB2523B2BA0CE1C00B6621A /* BadgeBackground.swift in Sources */ = {isa = PBXBuildFile; fileRef = 1AB2523A2BA0CE1C00B6621A /* BadgeBackground.swift */; };
		1AB2523D2BA0D7FD00B6621A /* BadgeSymbol.swift in Sources */ = {isa = PBXBuildFile; fileRef = 1AB2523C2BA0D7FD00B6621A /* BadgeSymbol.swift */; };
		1AB2523F2BA0D89700B6621A /* RotatedBadgeSymbol.swift in Sources */ = {isa = PBXBuildFile; fileRef = 1AB2523E2BA0D89700B6621A /* RotatedBadgeSymbol.swift */; };
		1AB252412BA0D92C00B6621A /* Badge.swift in Sources */ = {isa = PBXBuildFile; fileRef = 1AB252402BA0D92C00B6621A /* Badge.swift */; };
		1AB252442BA0DB4400B6621A /* hikeData.json in Resources */ = {isa = PBXBuildFile; fileRef = 1AB252432BA0DB4400B6621A /* hikeData.json */; };
		1AB252462BA0DB6800B6621A /* Hike.swift in Sources */ = {isa = PBXBuildFile; fileRef = 1AB252452BA0DB6800B6621A /* Hike.swift */; };
		1AB2524C2BA0DD0600B6621A /* GraphCapsule.swift in Sources */ = {isa = PBXBuildFile; fileRef = 1AB252482BA0DD0600B6621A /* GraphCapsule.swift */; };
		1AB2524D2BA0DD0600B6621A /* HikeGraph.swift in Sources */ = {isa = PBXBuildFile; fileRef = 1AB252492BA0DD0600B6621A /* HikeGraph.swift */; };
		1AB2524E2BA0DD0600B6621A /* HikeDetail.swift in Sources */ = {isa = PBXBuildFile; fileRef = 1AB2524A2BA0DD0600B6621A /* HikeDetail.swift */; };
		1AB2524F2BA0DD0600B6621A /* HikeView.swift in Sources */ = {isa = PBXBuildFile; fileRef = 1AB2524B2BA0DD0600B6621A /* HikeView.swift */; };
		1AB252522BA0E34500B6621A /* CategoryHome.swift in Sources */ = {isa = PBXBuildFile; fileRef = 1AB252512BA0E34500B6621A /* CategoryHome.swift */; };
		1AB252542BA0E53900B6621A /* CategoryRow.swift in Sources */ = {isa = PBXBuildFile; fileRef = 1AB252532BA0E53900B6621A /* CategoryRow.swift */; };
		1AB252562BA0E68A00B6621A /* CategoryItem.swift in Sources */ = {isa = PBXBuildFile; fileRef = 1AB252552BA0E68A00B6621A /* CategoryItem.swift */; };
/* End PBXBuildFile section */

/* Begin PBXFileReference section */
		1AB252112BA0AEE000B6621A /* Landmarks.app */ = {isa = PBXFileReference; explicitFileType = wrapper.application; includeInIndex = 0; path = Landmarks.app; sourceTree = BUILT_PRODUCTS_DIR; };
		1AB252142BA0AEE000B6621A /* LandmarksApp.swift */ = {isa = PBXFileReference; lastKnownFileType = sourcecode.swift; path = LandmarksApp.swift; sourceTree = "<group>"; };
		1AB252162BA0AEE000B6621A /* ContentView.swift */ = {isa = PBXFileReference; lastKnownFileType = sourcecode.swift; path = ContentView.swift; sourceTree = "<group>"; };
		1AB252182BA0AEE200B6621A /* Assets.xcassets */ = {isa = PBXFileReference; lastKnownFileType = folder.assetcatalog; path = Assets.xcassets; sourceTree = "<group>"; };
		1AB2521B2BA0AEE200B6621A /* Preview Assets.xcassets */ = {isa = PBXFileReference; lastKnownFileType = folder.assetcatalog; path = "Preview Assets.xcassets"; sourceTree = "<group>"; };
		1AB252222BA0B33200B6621A /* CircleImage.swift */ = {isa = PBXFileReference; lastKnownFileType = sourcecode.swift; path = CircleImage.swift; sourceTree = "<group>"; };
		1AB252242BA0B3E500B6621A /* MapView.swift */ = {isa = PBXFileReference; lastKnownFileType = sourcecode.swift; path = MapView.swift; sourceTree = "<group>"; };
		1AB252262BA0B7FE00B6621A /* landmarkData.json */ = {isa = PBXFileReference; fileEncoding = 4; lastKnownFileType = text.json; path = landmarkData.json; sourceTree = "<group>"; };
		1AB252282BA0B83C00B6621A /* Landmark.swift */ = {isa = PBXFileReference; lastKnownFileType = sourcecode.swift; path = Landmark.swift; sourceTree = "<group>"; };
		1AB2522A2BA0B9E300B6621A /* ModelData.swift */ = {isa = PBXFileReference; lastKnownFileType = sourcecode.swift; path = ModelData.swift; sourceTree = "<group>"; };
		1AB2522E2BA0BB1F00B6621A /* LandmarkRow.swift */ = {isa = PBXFileReference; lastKnownFileType = sourcecode.swift; path = LandmarkRow.swift; sourceTree = "<group>"; };
		1AB252302BA0BCAC00B6621A /* LandmarkList.swift */ = {isa = PBXFileReference; lastKnownFileType = sourcecode.swift; path = LandmarkList.swift; sourceTree = "<group>"; };
		1AB252322BA0BE4B00B6621A /* LandmarkDetail.swift */ = {isa = PBXFileReference; lastKnownFileType = sourcecode.swift; path = LandmarkDetail.swift; sourceTree = "<group>"; };
		1AB252342BA0C9F800B6621A /* FavoriteButton.swift */ = {isa = PBXFileReference; lastKnownFileType = sourcecode.swift; path = FavoriteButton.swift; sourceTree = "<group>"; };
		1AB252382BA0CD1B00B6621A /* HexagonParameters.swift */ = {isa = PBXFileReference; lastKnownFileType = sourcecode.swift; path = HexagonParameters.swift; sourceTree = "<group>"; };
		1AB2523A2BA0CE1C00B6621A /* BadgeBackground.swift */ = {isa = PBXFileReference; lastKnownFileType = sourcecode.swift; path = BadgeBackground.swift; sourceTree = "<group>"; };
		1AB2523C2BA0D7FD00B6621A /* BadgeSymbol.swift */ = {isa = PBXFileReference; lastKnownFileType = sourcecode.swift; path = BadgeSymbol.swift; sourceTree = "<group>"; };
		1AB2523E2BA0D89700B6621A /* RotatedBadgeSymbol.swift */ = {isa = PBXFileReference; lastKnownFileType = sourcecode.swift; path = RotatedBadgeSymbol.swift; sourceTree = "<group>"; };
		1AB252402BA0D92C00B6621A /* Badge.swift */ = {isa = PBXFileReference; lastKnownFileType = sourcecode.swift; path = Badge.swift; sourceTree = "<group>"; };
		1AB252432BA0DB4400B6621A /* hikeData.json */ = {isa = PBXFileReference; fileEncoding = 4; lastKnownFileType = text.json; path = hikeData.json; sourceTree = "<group>"; };
		1AB252452BA0DB6800B6621A /* Hike.swift */ = {isa = PBXFileReference; lastKnownFileType = sourcecode.swift; path = Hike.swift; sourceTree = "<group>"; };
		1AB252482BA0DD0600B6621A /* GraphCapsule.swift */ = {isa = PBXFileReference; fileEncoding = 4; lastKnownFileType = sourcecode.swift; path = GraphCapsule.swift; sourceTree = "<group>"; };
		1AB252492BA0DD0600B6621A /* HikeGraph.swift */ = {isa = PBXFileReference; fileEncoding = 4; lastKnownFileType = sourcecode.swift; path = HikeGraph.swift; sourceTree = "<group>"; };
		1AB2524A2BA0DD0600B6621A /* HikeDetail.swift */ = {isa = PBXFileReference; fileEncoding = 4; lastKnownFileType = sourcecode.swift; path = HikeDetail.swift; sourceTree = "<group>"; };
		1AB2524B2BA0DD0600B6621A /* HikeView.swift */ = {isa = PBXFileReference; fileEncoding = 4; lastKnownFileType = sourcecode.swift; path = HikeView.swift; sourceTree = "<group>"; };
		1AB252512BA0E34500B6621A /* CategoryHome.swift */ = {isa = PBXFileReference; lastKnownFileType = sourcecode.swift; path = CategoryHome.swift; sourceTree = "<group>"; };
		1AB252532BA0E53900B6621A /* CategoryRow.swift */ = {isa = PBXFileReference; lastKnownFileType = sourcecode.swift; path = CategoryRow.swift; sourceTree = "<group>"; };
		1AB252552BA0E68A00B6621A /* CategoryItem.swift */ = {isa = PBXFileReference; lastKnownFileType = sourcecode.swift; path = CategoryItem.swift; sourceTree = "<group>"; };
/* End PBXFileReference section */

/* Begin PBXFrameworksBuildPhase section */
		1AB2520E2BA0AEE000B6621A /* Frameworks */ = {
			isa = PBXFrameworksBuildPhase;
			buildActionMask = 2147483647;
			files = (
			);
			runOnlyForDeploymentPostprocessing = 0;
		};
/* End PBXFrameworksBuildPhase section */

/* Begin PBXGroup section */
		1AB252082BA0AEE000B6621A = {
			isa = PBXGroup;
			children = (
				1AB252132BA0AEE000B6621A /* Landmarks */,
				1AB252122BA0AEE000B6621A /* Products */,
			);
			sourceTree = "<group>";
		};
		1AB252122BA0AEE000B6621A /* Products */ = {
			isa = PBXGroup;
			children = (
				1AB252112BA0AEE000B6621A /* Landmarks.app */,
			);
			name = Products;
			sourceTree = "<group>";
		};
		1AB252132BA0AEE000B6621A /* Landmarks */ = {
			isa = PBXGroup;
			children = (
				1AB252142BA0AEE000B6621A /* LandmarksApp.swift */,
				1AB252182BA0AEE200B6621A /* Assets.xcassets */,
				1AB252262BA0B7FE00B6621A /* landmarkData.json */,
				1AB252432BA0DB4400B6621A /* hikeData.json */,
				1AB2522C2BA0BAC600B6621A /* Views */,
				1AB2522D2BA0BACC00B6621A /* Models */,
				1AB2521A2BA0AEE200B6621A /* Preview Content */,
			);
			path = Landmarks;
			sourceTree = "<group>";
		};
		1AB2521A2BA0AEE200B6621A /* Preview Content */ = {
			isa = PBXGroup;
			children = (
				1AB2521B2BA0AEE200B6621A /* Preview Assets.xcassets */,
			);
			path = "Preview Content";
			sourceTree = "<group>";
		};
		1AB2522C2BA0BAC600B6621A /* Views */ = {
			isa = PBXGroup;
			children = (
				1AB252502BA0E30900B6621A /* Categories */,
				1AB252472BA0DD0600B6621A /* Hikes */,
				1AB252162BA0AEE000B6621A /* ContentView.swift */,
				1AB252362BA0CA9F00B6621A /* Helper */,
				1AB252372BA0CAB800B6621A /* Landmarks */,
				1AB252422BA0DA4A00B6621A /* Badges */,
			);
			path = Views;
			sourceTree = "<group>";
		};
		1AB2522D2BA0BACC00B6621A /* Models */ = {
			isa = PBXGroup;
			children = (
				1AB252282BA0B83C00B6621A /* Landmark.swift */,
				1AB2522A2BA0B9E300B6621A /* ModelData.swift */,
				1AB252452BA0DB6800B6621A /* Hike.swift */,
			);
			path = Models;
			sourceTree = "<group>";
		};
		1AB252362BA0CA9F00B6621A /* Helper */ = {
			isa = PBXGroup;
			children = (
				1AB252242BA0B3E500B6621A /* MapView.swift */,
				1AB252342BA0C9F800B6621A /* FavoriteButton.swift */,
				1AB252222BA0B33200B6621A /* CircleImage.swift */,
			);
			path = Helper;
			sourceTree = "<group>";
		};
		1AB252372BA0CAB800B6621A /* Landmarks */ = {
			isa = PBXGroup;
			children = (
				1AB2522E2BA0BB1F00B6621A /* LandmarkRow.swift */,
				1AB252302BA0BCAC00B6621A /* LandmarkList.swift */,
				1AB252322BA0BE4B00B6621A /* LandmarkDetail.swift */,
			);
			path = Landmarks;
			sourceTree = "<group>";
		};
		1AB252422BA0DA4A00B6621A /* Badges */ = {
			isa = PBXGroup;
			children = (
				1AB252382BA0CD1B00B6621A /* HexagonParameters.swift */,
				1AB2523A2BA0CE1C00B6621A /* BadgeBackground.swift */,
				1AB2523C2BA0D7FD00B6621A /* BadgeSymbol.swift */,
				1AB2523E2BA0D89700B6621A /* RotatedBadgeSymbol.swift */,
				1AB252402BA0D92C00B6621A /* Badge.swift */,
			);
			path = Badges;
			sourceTree = "<group>";
		};
		1AB252472BA0DD0600B6621A /* Hikes */ = {
			isa = PBXGroup;
			children = (
				1AB252482BA0DD0600B6621A /* GraphCapsule.swift */,
				1AB252492BA0DD0600B6621A /* HikeGraph.swift */,
				1AB2524A2BA0DD0600B6621A /* HikeDetail.swift */,
				1AB2524B2BA0DD0600B6621A /* HikeView.swift */,
			);
			path = Hikes;
			sourceTree = "<group>";
		};
		1AB252502BA0E30900B6621A /* Categories */ = {
			isa = PBXGroup;
			children = (
				1AB252512BA0E34500B6621A /* CategoryHome.swift */,
				1AB252532BA0E53900B6621A /* CategoryRow.swift */,
				1AB252552BA0E68A00B6621A /* CategoryItem.swift */,
			);
			path = Categories;
			sourceTree = "<group>";
		};
/* End PBXGroup section */

/* Begin PBXNativeTarget section */
		1AB252102BA0AEE000B6621A /* Landmarks */ = {
			isa = PBXNativeTarget;
			buildConfigurationList = 1AB2521F2BA0AEE200B6621A /* Build configuration list for PBXNativeTarget "Landmarks" */;
			buildPhases = (
				1AB2520D2BA0AEE000B6621A /* Sources */,
				1AB2520E2BA0AEE000B6621A /* Frameworks */,
				1AB2520F2BA0AEE000B6621A /* Resources */,
			);
			buildRules = (
			);
			dependencies = (
			);
			name = Landmarks;
			productName = Landmarks;
			productReference = 1AB252112BA0AEE000B6621A /* Landmarks.app */;
			productType = "com.apple.product-type.application";
		};
/* End PBXNativeTarget section */

/* Begin PBXProject section */
		1AB252092BA0AEE000B6621A /* Project object */ = {
			isa = PBXProject;
			attributes = {
				BuildIndependentTargetsInParallel = 1;
				LastSwiftUpdateCheck = 1520;
				LastUpgradeCheck = 1520;
				TargetAttributes = {
					1AB252102BA0AEE000B6621A = {
						CreatedOnToolsVersion = 15.2;
					};
				};
			};
			buildConfigurationList = 1AB2520C2BA0AEE000B6621A /* Build configuration list for PBXProject "Landmarks" */;
			compatibilityVersion = "Xcode 14.0";
			developmentRegion = en;
			hasScannedForEncodings = 0;
			knownRegions = (
				en,
				Base,
			);
			mainGroup = 1AB252082BA0AEE000B6621A;
			productRefGroup = 1AB252122BA0AEE000B6621A /* Products */;
			projectDirPath = "";
			projectRoot = "";
			targets = (
				1AB252102BA0AEE000B6621A /* Landmarks */,
			);
		};
/* End PBXProject section */

/* Begin PBXResourcesBuildPhase section */
		1AB2520F2BA0AEE000B6621A /* Resources */ = {
			isa = PBXResourcesBuildPhase;
			buildActionMask = 2147483647;
			files = (
				1AB252442BA0DB4400B6621A /* hikeData.json in Resources */,
				1AB2521C2BA0AEE200B6621A /* Preview Assets.xcassets in Resources */,
				1AB252192BA0AEE200B6621A /* Assets.xcassets in Resources */,
				1AB252272BA0B7FE00B6621A /* landmarkData.json in Resources */,
			);
			runOnlyForDeploymentPostprocessing = 0;
		};
/* End PBXResourcesBuildPhase section */

/* Begin PBXSourcesBuildPhase section */
		1AB2520D2BA0AEE000B6621A /* Sources */ = {
			isa = PBXSourcesBuildPhase;
			buildActionMask = 2147483647;
			files = (
				1AB252542BA0E53900B6621A /* CategoryRow.swift in Sources */,
				1AB252172BA0AEE000B6621A /* ContentView.swift in Sources */,
				1AB252522BA0E34500B6621A /* CategoryHome.swift in Sources */,
				1AB2524D2BA0DD0600B6621A /* HikeGraph.swift in Sources */,
				1AB252412BA0D92C00B6621A /* Badge.swift in Sources */,
				1AB252252BA0B3E500B6621A /* MapView.swift in Sources */,
				1AB2524C2BA0DD0600B6621A /* GraphCapsule.swift in Sources */,
				1AB252152BA0AEE000B6621A /* LandmarksApp.swift in Sources */,
				1AB252352BA0C9F800B6621A /* FavoriteButton.swift in Sources */,
				1AB252562BA0E68A00B6621A /* CategoryItem.swift in Sources */,
				1AB2524E2BA0DD0600B6621A /* HikeDetail.swift in Sources */,
				1AB252392BA0CD1B00B6621A /* HexagonParameters.swift in Sources */,
				1AB252462BA0DB6800B6621A /* Hike.swift in Sources */,
				1AB2523F2BA0D89700B6621A /* RotatedBadgeSymbol.swift in Sources */,
				1AB2523D2BA0D7FD00B6621A /* BadgeSymbol.swift in Sources */,
				1AB252312BA0BCAC00B6621A /* LandmarkList.swift in Sources */,
				1AB2524F2BA0DD0600B6621A /* HikeView.swift in Sources */,
				1AB252332BA0BE4B00B6621A /* LandmarkDetail.swift in Sources */,
				1AB2523B2BA0CE1C00B6621A /* BadgeBackground.swift in Sources */,
				1AB252232BA0B33200B6621A /* CircleImage.swift in Sources */,
				1AB252292BA0B83C00B6621A /* Landmark.swift in Sources */,
				1AB2522F2BA0BB1F00B6621A /* LandmarkRow.swift in Sources */,
				1AB2522B2BA0B9E300B6621A /* ModelData.swift in Sources */,
			);
			runOnlyForDeploymentPostprocessing = 0;
		};
/* End PBXSourcesBuildPhase section */

/* Begin XCBuildConfiguration section */
		1AB2521D2BA0AEE200B6621A /* Debug */ = {
			isa = XCBuildConfiguration;
			buildSettings = {
				ALWAYS_SEARCH_USER_PATHS = NO;
				ASSETCATALOG_COMPILER_GENERATE_SWIFT_ASSET_SYMBOL_EXTENSIONS = YES;
				CLANG_ANALYZER_NONNULL = YES;
				CLANG_ANALYZER_NUMBER_OBJECT_CONVERSION = YES_AGGRESSIVE;
				CLANG_CXX_LANGUAGE_STANDARD = "gnu++20";
				CLANG_ENABLE_MODULES = YES;
				CLANG_ENABLE_OBJC_ARC = YES;
				CLANG_ENABLE_OBJC_WEAK = YES;
				CLANG_WARN_BLOCK_CAPTURE_AUTORELEASING = YES;
				CLANG_WARN_BOOL_CONVERSION = YES;
				CLANG_WARN_COMMA = YES;
				CLANG_WARN_CONSTANT_CONVERSION = YES;
				CLANG_WARN_DEPRECATED_OBJC_IMPLEMENTATIONS = YES;
				CLANG_WARN_DIRECT_OBJC_ISA_USAGE = YES_ERROR;
				CLANG_WARN_DOCUMENTATION_COMMENTS = YES;
				CLANG_WARN_EMPTY_BODY = YES;
				CLANG_WARN_ENUM_CONVERSION = YES;
				CLANG_WARN_INFINITE_RECURSION = YES;
				CLANG_WARN_INT_CONVERSION = YES;
				CLANG_WARN_NON_LITERAL_NULL_CONVERSION = YES;
				CLANG_WARN_OBJC_IMPLICIT_RETAIN_SELF = YES;
				CLANG_WARN_OBJC_LITERAL_CONVERSION = YES;
				CLANG_WARN_OBJC_ROOT_CLASS = YES_ERROR;
				CLANG_WARN_QUOTED_INCLUDE_IN_FRAMEWORK_HEADER = YES;
				CLANG_WARN_RANGE_LOOP_ANALYSIS = YES;
				CLANG_WARN_STRICT_PROTOTYPES = YES;
				CLANG_WARN_SUSPICIOUS_MOVE = YES;
				CLANG_WARN_UNGUARDED_AVAILABILITY = YES_AGGRESSIVE;
				CLANG_WARN_UNREACHABLE_CODE = YES;
				CLANG_WARN__DUPLICATE_METHOD_MATCH = YES;
				COPY_PHASE_STRIP = NO;
				DEBUG_INFORMATION_FORMAT = dwarf;
				ENABLE_STRICT_OBJC_MSGSEND = YES;
				ENABLE_TESTABILITY = YES;
				ENABLE_USER_SCRIPT_SANDBOXING = YES;
				GCC_C_LANGUAGE_STANDARD = gnu17;
				GCC_DYNAMIC_NO_PIC = NO;
				GCC_NO_COMMON_BLOCKS = YES;
				GCC_OPTIMIZATION_LEVEL = 0;
				GCC_PREPROCESSOR_DEFINITIONS = (
					"DEBUG=1",
					"$(inherited)",
				);
				GCC_WARN_64_TO_32_BIT_CONVERSION = YES;
				GCC_WARN_ABOUT_RETURN_TYPE = YES_ERROR;
				GCC_WARN_UNDECLARED_SELECTOR = YES;
				GCC_WARN_UNINITIALIZED_AUTOS = YES_AGGRESSIVE;
				GCC_WARN_UNUSED_FUNCTION = YES;
				GCC_WARN_UNUSED_VARIABLE = YES;
				IPHONEOS_DEPLOYMENT_TARGET = 17.2;
				LOCALIZATION_PREFERS_STRING_CATALOGS = YES;
				MTL_ENABLE_DEBUG_INFO = INCLUDE_SOURCE;
				MTL_FAST_MATH = YES;
				ONLY_ACTIVE_ARCH = YES;
				SDKROOT = iphoneos;
				SWIFT_ACTIVE_COMPILATION_CONDITIONS = "DEBUG $(inherited)";
				SWIFT_OPTIMIZATION_LEVEL = "-Onone";
			};
			name = Debug;
		};
		1AB2521E2BA0AEE200B6621A /* Release */ = {
			isa = XCBuildConfiguration;
			buildSettings = {
				ALWAYS_SEARCH_USER_PATHS = NO;
				ASSETCATALOG_COMPILER_GENERATE_SWIFT_ASSET_SYMBOL_EXTENSIONS = YES;
				CLANG_ANALYZER_NONNULL = YES;
				CLANG_ANALYZER_NUMBER_OBJECT_CONVERSION = YES_AGGRESSIVE;
				CLANG_CXX_LANGUAGE_STANDARD = "gnu++20";
				CLANG_ENABLE_MODULES = YES;
				CLANG_ENABLE_OBJC_ARC = YES;
				CLANG_ENABLE_OBJC_WEAK = YES;
				CLANG_WARN_BLOCK_CAPTURE_AUTORELEASING = YES;
				CLANG_WARN_BOOL_CONVERSION = YES;
				CLANG_WARN_COMMA = YES;
				CLANG_WARN_CONSTANT_CONVERSION = YES;
				CLANG_WARN_DEPRECATED_OBJC_IMPLEMENTATIONS = YES;
				CLANG_WARN_DIRECT_OBJC_ISA_USAGE = YES_ERROR;
				CLANG_WARN_DOCUMENTATION_COMMENTS = YES;
				CLANG_WARN_EMPTY_BODY = YES;
				CLANG_WARN_ENUM_CONVERSION = YES;
				CLANG_WARN_INFINITE_RECURSION = YES;
				CLANG_WARN_INT_CONVERSION = YES;
				CLANG_WARN_NON_LITERAL_NULL_CONVERSION = YES;
				CLANG_WARN_OBJC_IMPLICIT_RETAIN_SELF = YES;
				CLANG_WARN_OBJC_LITERAL_CONVERSION = YES;
				CLANG_WARN_OBJC_ROOT_CLASS = YES_ERROR;
				CLANG_WARN_QUOTED_INCLUDE_IN_FRAMEWORK_HEADER = YES;
				CLANG_WARN_RANGE_LOOP_ANALYSIS = YES;
				CLANG_WARN_STRICT_PROTOTYPES = YES;
				CLANG_WARN_SUSPICIOUS_MOVE = YES;
				CLANG_WARN_UNGUARDED_AVAILABILITY = YES_AGGRESSIVE;
				CLANG_WARN_UNREACHABLE_CODE = YES;
				CLANG_WARN__DUPLICATE_METHOD_MATCH = YES;
				COPY_PHASE_STRIP = NO;
				DEBUG_INFORMATION_FORMAT = "dwarf-with-dsym";
				ENABLE_NS_ASSERTIONS = NO;
				ENABLE_STRICT_OBJC_MSGSEND = YES;
				ENABLE_USER_SCRIPT_SANDBOXING = YES;
				GCC_C_LANGUAGE_STANDARD = gnu17;
				GCC_NO_COMMON_BLOCKS = YES;
				GCC_WARN_64_TO_32_BIT_CONVERSION = YES;
				GCC_WARN_ABOUT_RETURN_TYPE = YES_ERROR;
				GCC_WARN_UNDECLARED_SELECTOR = YES;
				GCC_WARN_UNINITIALIZED_AUTOS = YES_AGGRESSIVE;
				GCC_WARN_UNUSED_FUNCTION = YES;
				GCC_WARN_UNUSED_VARIABLE = YES;
				IPHONEOS_DEPLOYMENT_TARGET = 17.2;
				LOCALIZATION_PREFERS_STRING_CATALOGS = YES;
				MTL_ENABLE_DEBUG_INFO = NO;
				MTL_FAST_MATH = YES;
				SDKROOT = iphoneos;
				SWIFT_COMPILATION_MODE = wholemodule;
				VALIDATE_PRODUCT = YES;
			};
			name = Release;
		};
		1AB252202BA0AEE200B6621A /* Debug */ = {
			isa = XCBuildConfiguration;
			buildSettings = {
				ASSETCATALOG_COMPILER_APPICON_NAME = AppIcon;
				ASSETCATALOG_COMPILER_GLOBAL_ACCENT_COLOR_NAME = AccentColor;
				CODE_SIGN_STYLE = Automatic;
				CURRENT_PROJECT_VERSION = 1;
				DEVELOPMENT_ASSET_PATHS = "\"Landmarks/Preview Content\"";
				ENABLE_PREVIEWS = YES;
				GENERATE_INFOPLIST_FILE = YES;
				INFOPLIST_KEY_UIApplicationSceneManifest_Generation = YES;
				INFOPLIST_KEY_UIApplicationSupportsIndirectInputEvents = YES;
				INFOPLIST_KEY_UILaunchScreen_Generation = YES;
				INFOPLIST_KEY_UISupportedInterfaceOrientations_iPad = "UIInterfaceOrientationPortrait UIInterfaceOrientationPortraitUpsideDown UIInterfaceOrientationLandscapeLeft UIInterfaceOrientationLandscapeRight";
				INFOPLIST_KEY_UISupportedInterfaceOrientations_iPhone = "UIInterfaceOrientationPortrait UIInterfaceOrientationLandscapeLeft UIInterfaceOrientationLandscapeRight";
				LD_RUNPATH_SEARCH_PATHS = (
					"$(inherited)",
					"@executable_path/Frameworks",
				);
				MARKETING_VERSION = 1.0;
				PRODUCT_BUNDLE_IDENTIFIER = com.williamkoonz.Landmarks;
				PRODUCT_NAME = "$(TARGET_NAME)";
				SWIFT_EMIT_LOC_STRINGS = YES;
				SWIFT_VERSION = 5.0;
				TARGETED_DEVICE_FAMILY = "1,2";
			};
			name = Debug;
		};
		1AB252212BA0AEE200B6621A /* Release */ = {
			isa = XCBuildConfiguration;
			buildSettings = {
				ASSETCATALOG_COMPILER_APPICON_NAME = AppIcon;
				ASSETCATALOG_COMPILER_GLOBAL_ACCENT_COLOR_NAME = AccentColor;
				CODE_SIGN_STYLE = Automatic;
				CURRENT_PROJECT_VERSION = 1;
				DEVELOPMENT_ASSET_PATHS = "\"Landmarks/Preview Content\"";
				ENABLE_PREVIEWS = YES;
				GENERATE_INFOPLIST_FILE = YES;
				INFOPLIST_KEY_UIApplicationSceneManifest_Generation = YES;
				INFOPLIST_KEY_UIApplicationSupportsIndirectInputEvents = YES;
				INFOPLIST_KEY_UILaunchScreen_Generation = YES;
				INFOPLIST_KEY_UISupportedInterfaceOrientations_iPad = "UIInterfaceOrientationPortrait UIInterfaceOrientationPortraitUpsideDown UIInterfaceOrientationLandscapeLeft UIInterfaceOrientationLandscapeRight";
				INFOPLIST_KEY_UISupportedInterfaceOrientations_iPhone = "UIInterfaceOrientationPortrait UIInterfaceOrientationLandscapeLeft UIInterfaceOrientationLandscapeRight";
				LD_RUNPATH_SEARCH_PATHS = (
					"$(inherited)",
					"@executable_path/Frameworks",
				);
				MARKETING_VERSION = 1.0;
				PRODUCT_BUNDLE_IDENTIFIER = com.williamkoonz.Landmarks;
				PRODUCT_NAME = "$(TARGET_NAME)";
				SWIFT_EMIT_LOC_STRINGS = YES;
				SWIFT_VERSION = 5.0;
				TARGETED_DEVICE_FAMILY = "1,2";
			};
			name = Release;
		};
/* End XCBuildConfiguration section */

/* Begin XCConfigurationList section */
		1AB2520C2BA0AEE000B6621A /* Build configuration list for PBXProject "Landmarks" */ = {
			isa = XCConfigurationList;
			buildConfigurations = (
				1AB2521D2BA0AEE200B6621A /* Debug */,
				1AB2521E2BA0AEE200B6621A /* Release */,
			);
			defaultConfigurationIsVisible = 0;
			defaultConfigurationName = Release;
		};
		1AB2521F2BA0AEE200B6621A /* Build configuration list for PBXNativeTarget "Landmarks" */ = {
			isa = XCConfigurationList;
			buildConfigurations = (
				1AB252202BA0AEE200B6621A /* Debug */,
				1AB252212BA0AEE200B6621A /* Release */,
			);
			defaultConfigurationIsVisible = 0;
			defaultConfigurationName = Release;
		};
/* End XCConfigurationList section */
	};
	rootObject = 1AB252092BA0AEE000B6621A /* Project object */;
}
